# This file is autogenerated, do not edit; changes may be undone by the next 'dep ensure'.


[[projects]]
  branch = "master"
  name = "github.com/SparkPost/gosparkpost"
  packages = [".","events"]
  revision = "7e8565c83ee09336624604fba3cf6e9853926c2c"

[[projects]]
  branch = "master"
  name = "github.com/dustin/go-humanize"
  packages = ["."]
  revision = "259d2a102b871d17f30e3cd9881a642961a1e486"

[[projects]]
  branch = "master"
  name = "github.com/kjk/dailyrotate"
  packages = ["."]
  revision = "509825f8b45b81fd14a6ef2725146ece51f03586"

[[projects]]
  branch = "master"
  name = "github.com/kjk/siser"
  packages = ["."]
  revision = "293341408be76f2b40b3f64b2c78de61bb3a887e"

[[projects]]
  branch = "master"
  name = "github.com/kjk/u"
  packages = ["."]
  revision = "40cfe878942451cfeb470309642d1f6b82896eb8"

[[projects]]
  branch = "master"
  name = "github.com/kurin/blazer"
  packages = ["b2","base","internal/b2types","internal/blog"]
  revision = "37589164c2e262ddf5b9bc82e3f8da4a6207c0e4"

[[projects]]
  name = "github.com/pkg/errors"
  packages = ["."]
  revision = "645ef00459ed84a119197bfb8d8205042c6df63d"
  version = "v0.8.0"

[[projects]]
  branch = "master"
  name = "github.com/russross/blackfriday"
  packages = ["."]
  revision = "067529f716f4c3f5e37c8c95ddd59df1007290ae"

[[projects]]
  branch = "master"
  name = "golang.org/x/crypto"
  packages = ["acme","acme/autocert"]
  revision = "a48ac81e47fd6f9ed1258f3b60ae9e75f93cb7ed"

[[projects]]
  branch = "master"
  name = "golang.org/x/net"
  packages = ["context"]
  revision = "054b33e6527139ad5b1ec2f6232c3b175bd9a30c"

[solve-meta]
  analyzer-name = "dep"
  analyzer-version = 1
  inputs-digest = "8d1d0bdc6c5606c764806b0a4883ebcbb9b5e52bb847f6291f6454b482ab16d3"
  solver-name = "gps-cdcl"
  solver-version = 1
